
Microsoft Visual Studio Solution File, Format Version 12.00
# Visual Studio Version 17
VisualStudioVersion = 17.14.37216.2
MinimumVisualStudioVersion = 10.0.40219.1
Project("{8BC9CEB8-8B4A-11D0-8D11-00A0C91BC942}") = "gtk2", "projects\gtk\gtk2.vcxproj", "{E1EBFBE2-AF8E-4E97-B91C-7628EF4A0D49}"
	ProjectSection(ProjectDependencies) = postProject
		{3F306B1A-293D-4A8A-90B8-799165726DAA} = {3F306B1A-293D-4A8A-90B8-799165726DAA}
		{E3857F15-016A-4B48-9EB2-F0BB7F187180} = {E3857F15-016A-4B48-9EB2-F0BB7F187180}
	EndProjectSection
EndProject
Project("{8BC9CEB8-8B4A-11D0-8D11-00A0C91BC942}") = "Idnhat", "projects\Idnhat\Idnhat.vcxproj", "{3F306B1A-293D-4A8A-90B8-799165726DAA}"
EndProject
Project("{8BC9CEB8-8B4A-11D0-8D11-00A0C91BC942}") = "gdk2", "projects\gdk\gdk2.vcxproj", "{EB66D1AB-97ED-49D5-B1E6-77F341B4A378}"
	ProjectSection(ProjectDependencies) = postProject
		{3F306B1A-293D-4A8A-90B8-799165726DAA} = {3F306B1A-293D-4A8A-90B8-799165726DAA}
	EndProjectSection
EndProject
Project("{8BC9CEB8-8B4A-11D0-8D11-00A0C91BC942}") = "gtk-update-icon-cache", "projects\gtk-update-icon-cache\gtk-update-icon-cache.vcxproj", "{E3857F15-016A-4B48-9EB2-F0BB7F187180}"
	ProjectSection(ProjectDependencies) = postProject
		{3F306B1A-293D-4A8A-90B8-799165726DAA} = {3F306B1A-293D-4A8A-90B8-799165726DAA}
	EndProjectSection
EndProject
Project("{8BC9CEB8-8B4A-11D0-8D11-00A0C91BC942}") = "gtktest", "projects\gtktest\gtktest.vcxproj", "{D37560DB-831E-443F-B9A1-382DA465DE97}"
EndProject
Project("{8BC9CEB8-8B4A-11D0-8D11-00A0C91BC942}") = "gdkglext", "projects\gdkglext\gdkglext.vcxproj", "{597D96DD-59CA-4CE4-835D-3D1826BBB08D}"
	ProjectSection(ProjectDependencies) = postProject
		{3F306B1A-293D-4A8A-90B8-799165726DAA} = {3F306B1A-293D-4A8A-90B8-799165726DAA}
	EndProjectSection
EndProject
Project("{8BC9CEB8-8B4A-11D0-8D11-00A0C91BC942}") = "gtkglext", "projects\gtkglext\gtkglext.vcxproj", "{04F9DD7E-CC0E-47E5-8B26-57792701FA00}"
EndProject
Project("{8BC9CEB8-8B4A-11D0-8D11-00A0C91BC942}") = "gtkgltest", "projects\gtkgltest\gtkgltest.vcxproj", "{38557936-F373-4562-A7BE-D58A16ED84DA}"
EndProject
Project("{2150E333-8FDC-42A3-9474-1A3956D46DE8}") = "GLExt", "GLExt", "{02EA681E-C7D8-13C7-8484-4AC65E1B71E8}"
EndProject
Global
	GlobalSection(SolutionConfigurationPlatforms) = preSolution
		Debug|ARM64 = Debug|ARM64
		Debug|x64 = Debug|x64
		Debug|x86 = Debug|x86
		Release|ARM64 = Release|ARM64
		Release|x64 = Release|x64
		Release|x86 = Release|x86
	EndGlobalSection
	GlobalSection(ProjectConfigurationPlatforms) = postSolution
		{E1EBFBE2-AF8E-4E97-B91C-7628EF4A0D49}.Debug|ARM64.ActiveCfg = Debug|ARM64
		{E1EBFBE2-AF8E-4E97-B91C-7628EF4A0D49}.Debug|ARM64.Build.0 = Debug|ARM64
		{E1EBFBE2-AF8E-4E97-B91C-7628EF4A0D49}.Debug|x64.ActiveCfg = Debug|x64
		{E1EBFBE2-AF8E-4E97-B91C-7628EF4A0D49}.Debug|x64.Build.0 = Debug|x64
		{E1EBFBE2-AF8E-4E97-B91C-7628EF4A0D49}.Debug|x86.ActiveCfg = Debug|Win32
		{E1EBFBE2-AF8E-4E97-B91C-7628EF4A0D49}.Debug|x86.Build.0 = Debug|Win32
		{E1EBFBE2-AF8E-4E97-B91C-7628EF4A0D49}.Release|ARM64.ActiveCfg = Release|ARM64
		{E1EBFBE2-AF8E-4E97-B91C-7628EF4A0D49}.Release|ARM64.Build.0 = Release|ARM64
		{E1EBFBE2-AF8E-4E97-B91C-7628EF4A0D49}.Release|x64.ActiveCfg = Release|x64
		{E1EBFBE2-AF8E-4E97-B91C-7628EF4A0D49}.Release|x64.Build.0 = Release|x64
		{E1EBFBE2-AF8E-4E97-B91C-7628EF4A0D49}.Release|x86.ActiveCfg = Release|Win32
		{E1EBFBE2-AF8E-4E97-B91C-7628EF4A0D49}.Release|x86.Build.0 = Release|Win32
		{3F306B1A-293D-4A8A-90B8-799165726DAA}.Debug|ARM64.ActiveCfg = Debug|x64
		{3F306B1A-293D-4A8A-90B8-799165726DAA}.Debug|ARM64.Build.0 = Debug|x64
		{3F306B1A-293D-4A8A-90B8-799165726DAA}.Debug|x64.ActiveCfg = Debug|x64
		{3F306B1A-293D-4A8A-90B8-799165726DAA}.Debug|x64.Build.0 = Debug|x64
		{3F306B1A-293D-4A8A-90B8-799165726DAA}.Debug|x86.ActiveCfg = Debug|Win32
		{3F306B1A-293D-4A8A-90B8-799165726DAA}.Debug|x86.Build.0 = Debug|Win32
		{3F306B1A-293D-4A8A-90B8-799165726DAA}.Release|ARM64.ActiveCfg = Release|x64
		{3F306B1A-293D-4A8A-90B8-799165726DAA}.Release|ARM64.Build.0 = Release|x64
		{3F306B1A-293D-4A8A-90B8-799165726DAA}.Release|x64.ActiveCfg = Release|x64
		{3F306B1A-293D-4A8A-90B8-799165726DAA}.Release|x64.Build.0 = Release|x64
		{3F306B1A-293D-4A8A-90B8-799165726DAA}.Release|x86.ActiveCfg = Release|Win32
		{3F306B1A-293D-4A8A-90B8-799165726DAA}.Release|x86.Build.0 = Release|Win32
		{EB66D1AB-97ED-49D5-B1E6-77F341B4A378}.Debug|ARM64.ActiveCfg = Debug|ARM64
		{EB66D1AB-97ED-49D5-B1E6-77F341B4A378}.Debug|ARM64.Build.0 = Debug|ARM64
		{EB66D1AB-97ED-49D5-B1E6-77F341B4A378}.Debug|x64.ActiveCfg = Debug|x64
		{EB66D1AB-97ED-49D5-B1E6-77F341B4A378}.Debug|x64.Build.0 = Debug|x64
		{EB66D1AB-97ED-49D5-B1E6-77F341B4A378}.Debug|x86.ActiveCfg = Debug|Win32
		{EB66D1AB-97ED-49D5-B1E6-77F341B4A378}.Debug|x86.Build.0 = Debug|Win32
		{EB66D1AB-97ED-49D5-B1E6-77F341B4A378}.Release|ARM64.ActiveCfg = Release|ARM64
		{EB66D1AB-97ED-49D5-B1E6-77F341B4A378}.Release|ARM64.Build.0 = Release|ARM64
		{EB66D1AB-97ED-49D5-B1E6-77F341B4A378}.Release|x64.ActiveCfg = Release|x64
		{EB66D1AB-97ED-49D5-B1E6-77F341B4A378}.Release|x64.Build.0 = Release|x64
		{EB66D1AB-97ED-49D5-B1E6-77F341B4A378}.Release|x86.ActiveCfg = Release|Win32
		{EB66D1AB-97ED-49D5-B1E6-77F341B4A378}.Release|x86.Build.0 = Release|Win32
		{E3857F15-016A-4B48-9EB2-F0BB7F187180}.Debug|ARM64.ActiveCfg = Debug|x64
		{E3857F15-016A-4B48-9EB2-F0BB7F187180}.Debug|ARM64.Build.0 = Debug|x64
		{E3857F15-016A-4B48-9EB2-F0BB7F187180}.Debug|x64.ActiveCfg = Debug|x64
		{E3857F15-016A-4B48-9EB2-F0BB7F187180}.Debug|x64.Build.0 = Debug|x64
		{E3857F15-016A-4B48-9EB2-F0BB7F187180}.Debug|x86.ActiveCfg = Debug|Win32
		{E3857F15-016A-4B48-9EB2-F0BB7F187180}.Debug|x86.Build.0 = Debug|Win32
		{E3857F15-016A-4B48-9EB2-F0BB7F187180}.Release|ARM64.ActiveCfg = Release|x64
		{E3857F15-016A-4B48-9EB2-F0BB7F187180}.Release|ARM64.Build.0 = Release|x64
		{E3857F15-016A-4B48-9EB2-F0BB7F187180}.Release|x64.ActiveCfg = Release|x64
		{E3857F15-016A-4B48-9EB2-F0BB7F187180}.Release|x64.Build.0 = Release|x64
		{E3857F15-016A-4B48-9EB2-F0BB7F187180}.Release|x86.ActiveCfg = Release|Win32
		{E3857F15-016A-4B48-9EB2-F0BB7F187180}.Release|x86.Build.0 = Release|Win32
		{D37560DB-831E-443F-B9A1-382DA465DE97}.Debug|ARM64.ActiveCfg = Debug|ARM64
		{D37560DB-831E-443F-B9A1-382DA465DE97}.Debug|ARM64.Build.0 = Debug|ARM64
		{D37560DB-831E-443F-B9A1-382DA465DE97}.Debug|x64.ActiveCfg = Debug|x64
		{D37560DB-831E-443F-B9A1-382DA465DE97}.Debug|x64.Build.0 = Debug|x64
		{D37560DB-831E-443F-B9A1-382DA465DE97}.Debug|x86.ActiveCfg = Debug|Win32
		{D37560DB-831E-443F-B9A1-382DA465DE97}.Debug|x86.Build.0 = Debug|Win32
		{D37560DB-831E-443F-B9A1-382DA465DE97}.Release|ARM64.ActiveCfg = Release|ARM64
		{D37560DB-831E-443F-B9A1-382DA465DE97}.Release|ARM64.Build.0 = Release|ARM64
		{D37560DB-831E-443F-B9A1-382DA465DE97}.Release|x64.ActiveCfg = Release|x64
		{D37560DB-831E-443F-B9A1-382DA465DE97}.Release|x64.Build.0 = Release|x64
		{D37560DB-831E-443F-B9A1-382DA465DE97}.Release|x86.ActiveCfg = Release|Win32
		{D37560DB-831E-443F-B9A1-382DA465DE97}.Release|x86.Build.0 = Release|Win32
		{597D96DD-59CA-4CE4-835D-3D1826BBB08D}.Debug|ARM64.ActiveCfg = Debug|ARM64
		{597D96DD-59CA-4CE4-835D-3D1826BBB08D}.Debug|ARM64.Build.0 = Debug|ARM64
		{597D96DD-59CA-4CE4-835D-3D1826BBB08D}.Debug|x64.ActiveCfg = Debug|x64
		{597D96DD-59CA-4CE4-835D-3D1826BBB08D}.Debug|x64.Build.0 = Debug|x64
		{597D96DD-59CA-4CE4-835D-3D1826BBB08D}.Debug|x86.ActiveCfg = Debug|Win32
		{597D96DD-59CA-4CE4-835D-3D1826BBB08D}.Debug|x86.Build.0 = Debug|Win32
		{597D96DD-59CA-4CE4-835D-3D1826BBB08D}.Release|ARM64.ActiveCfg = Release|ARM64
		{597D96DD-59CA-4CE4-835D-3D1826BBB08D}.Release|ARM64.Build.0 = Release|ARM64
		{597D96DD-59CA-4CE4-835D-3D1826BBB08D}.Release|x64.ActiveCfg = Release|x64
		{597D96DD-59CA-4CE4-835D-3D1826BBB08D}.Release|x64.Build.0 = Release|x64
		{597D96DD-59CA-4CE4-835D-3D1826BBB08D}.Release|x86.ActiveCfg = Release|Win32
		{597D96DD-59CA-4CE4-835D-3D1826BBB08D}.Release|x86.Build.0 = Release|Win32
		{04F9DD7E-CC0E-47E5-8B26-57792701FA00}.Debug|ARM64.ActiveCfg = Debug|ARM64
		{04F9DD7E-CC0E-47E5-8B26-57792701FA00}.Debug|ARM64.Build.0 = Debug|ARM64
		{04F9DD7E-CC0E-47E5-8B26-57792701FA00}.Debug|x64.ActiveCfg = Debug|x64
		{04F9DD7E-CC0E-47E5-8B26-57792701FA00}.Debug|x64.Build.0 = Debug|x64
		{04F9DD7E-CC0E-47E5-8B26-57792701FA00}.Debug|x86.ActiveCfg = Debug|Win32
		{04F9DD7E-CC0E-47E5-8B26-57792701FA00}.Debug|x86.Build.0 = Debug|Win32
		{04F9DD7E-CC0E-47E5-8B26-57792701FA00}.Release|ARM64.ActiveCfg = Release|ARM64
		{04F9DD7E-CC0E-47E5-8B26-57792701FA00}.Release|ARM64.Build.0 = Release|ARM64
		{04F9DD7E-CC0E-47E5-8B26-57792701FA00}.Release|x64.ActiveCfg = Release|x64
		{04F9DD7E-CC0E-47E5-8B26-57792701FA00}.Release|x64.Build.0 = Release|x64
		{04F9DD7E-CC0E-47E5-8B26-57792701FA00}.Release|x86.ActiveCfg = Release|Win32
		{04F9DD7E-CC0E-47E5-8B26-57792701FA00}.Release|x86.Build.0 = Release|Win32
		{38557936-F373-4562-A7BE-D58A16ED84DA}.Debug|ARM64.ActiveCfg = Debug|ARM64
		{38557936-F373-4562-A7BE-D58A16ED84DA}.Debug|ARM64.Build.0 = Debug|ARM64
		{38557936-F373-4562-A7BE-D58A16ED84DA}.Debug|x64.ActiveCfg = Debug|x64
		{38557936-F373-4562-A7BE-D58A16ED84DA}.Debug|x64.Build.0 = Debug|x64
		{38557936-F373-4562-A7BE-D58A16ED84DA}.Debug|x86.ActiveCfg = Debug|Win32
		{38557936-F373-4562-A7BE-D58A16ED84DA}.Debug|x86.Build.0 = Debug|Win32
		{38557936-F373-4562-A7BE-D58A16ED84DA}.Release|ARM64.ActiveCfg = Release|ARM64
		{38557936-F373-4562-A7BE-D58A16ED84DA}.Release|ARM64.Build.0 = Release|ARM64
		{38557936-F373-4562-A7BE-D58A16ED84DA}.Release|x64.ActiveCfg = Release|x64
		{38557936-F373-4562-A7BE-D58A16ED84DA}.Release|x64.Build.0 = Release|x64
		{38557936-F373-4562-A7BE-D58A16ED84DA}.Release|x86.ActiveCfg = Release|Win32
		{38557936-F373-4562-A7BE-D58A16ED84DA}.Release|x86.Build.0 = Release|Win32
	EndGlobalSection
	GlobalSection(SolutionProperties) = preSolution
		HideSolutionNode = FALSE
	EndGlobalSection
	GlobalSection(NestedProjects) = preSolution
		{597D96DD-59CA-4CE4-835D-3D1826BBB08D} = {02EA681E-C7D8-13C7-8484-4AC65E1B71E8}
		{04F9DD7E-CC0E-47E5-8B26-57792701FA00} = {02EA681E-C7D8-13C7-8484-4AC65E1B71E8}
		{38557936-F373-4562-A7BE-D58A16ED84DA} = {02EA681E-C7D8-13C7-8484-4AC65E1B71E8}
	EndGlobalSection
	GlobalSection(ExtensibilityGlobals) = postSolution
		SolutionGuid = {1F3E8573-6075-4EA1-B6F2-3476E40C2777}
	EndGlobalSection
EndGlobal
